// !$*UTF8*$!
{
	archiveVersion = 1;
	classes = {
	};
	objectVersion = 55;
	objects = {

/* Begin PBXBuildFile section */
		011A4D1B29390038005C2DFD /* SettingVC.swift in Sources */ = {isa = PBXBuildFile; fileRef = 011A4D1929390038005C2DFD /* SettingVC.swift */; };
		011A4D1C29390038005C2DFD /* SettingVC.xib in Resources */ = {isa = PBXBuildFile; fileRef = 011A4D1A29390038005C2DFD /* SettingVC.xib */; };
		011A4D2029390084005C2DFD /* InvoiceSettingVC.swift in Sources */ = {isa = PBXBuildFile; fileRef = 011A4D1E29390084005C2DFD /* InvoiceSettingVC.swift */; };
		011A4D2129390084005C2DFD /* InvoiceSettingVC.xib in Resources */ = {isa = PBXBuildFile; fileRef = 011A4D1F29390084005C2DFD /* InvoiceSettingVC.xib */; };
		011A4D252939031F005C2DFD /* InvoiceVC.swift in Sources */ = {isa = PBXBuildFile; fileRef = 011A4D232939031F005C2DFD /* InvoiceVC.swift */; };
		011A4D262939031F005C2DFD /* InvoiceVC.xib in Resources */ = {isa = PBXBuildFile; fileRef = 011A4D242939031F005C2DFD /* InvoiceVC.xib */; };
		011A4D2A29392631005C2DFD /* InvoiceTVC.swift in Sources */ = {isa = PBXBuildFile; fileRef = 011A4D2829392631005C2DFD /* InvoiceTVC.swift */; };
		011A4D2B29392631005C2DFD /* InvoiceTVC.xib in Resources */ = {isa = PBXBuildFile; fileRef = 011A4D2929392631005C2DFD /* InvoiceTVC.xib */; };
		0120829F294D88920089746F /* DataManager.swift in Sources */ = {isa = PBXBuildFile; fileRef = 0120829E294D88920089746F /* DataManager.swift */; };
		012082A6294DC04A0089746F /* TreatmentDB.xcdatamodeld in Resources */ = {isa = PBXBuildFile; fileRef = 012082A1294D8EA20089746F /* TreatmentDB.xcdatamodeld */; };
		0124D70C2944C16800022A09 /* ToolTip.swift in Sources */ = {isa = PBXBuildFile; fileRef = 0124D70B2944C16800022A09 /* ToolTip.swift */; };
		0124D70E2944C1A000022A09 /* ToolTip.xib in Resources */ = {isa = PBXBuildFile; fileRef = 0124D70D2944C1A000022A09 /* ToolTip.xib */; };
		0124D7102944DB2800022A09 /* Extention.swift in Sources */ = {isa = PBXBuildFile; fileRef = 0124D70F2944DB2800022A09 /* Extention.swift */; };
		0127519429434E4900A5C448 /* DropDownVC.swift in Sources */ = {isa = PBXBuildFile; fileRef = 0127519229434E4900A5C448 /* DropDownVC.swift */; };
		0127519529434E4900A5C448 /* DropDownVC.xib in Resources */ = {isa = PBXBuildFile; fileRef = 0127519329434E4900A5C448 /* DropDownVC.xib */; };
		0169D12A2947A9B600093EB9 /* ToolTipTVC.swift in Sources */ = {isa = PBXBuildFile; fileRef = 0169D1282947A9B600093EB9 /* ToolTipTVC.swift */; };
		0169D12B2947A9B600093EB9 /* ToolTipTVC.xib in Resources */ = {isa = PBXBuildFile; fileRef = 0169D1292947A9B600093EB9 /* ToolTipTVC.xib */; };
		01A9FF0429354762005C65F3 /* AppDelegate.swift in Sources */ = {isa = PBXBuildFile; fileRef = 01A9FF0329354762005C65F3 /* AppDelegate.swift */; };
		01A9FF0629354762005C65F3 /* SceneDelegate.swift in Sources */ = {isa = PBXBuildFile; fileRef = 01A9FF0529354762005C65F3 /* SceneDelegate.swift */; };
		01A9FF0829354762005C65F3 /* ViewController.swift in Sources */ = {isa = PBXBuildFile; fileRef = 01A9FF0729354762005C65F3 /* ViewController.swift */; };
		01A9FF0B29354762005C65F3 /* Main.storyboard in Resources */ = {isa = PBXBuildFile; fileRef = 01A9FF0929354762005C65F3 /* Main.storyboard */; };
		01A9FF0D29354764005C65F3 /* Assets.xcassets in Resources */ = {isa = PBXBuildFile; fileRef = 01A9FF0C29354764005C65F3 /* Assets.xcassets */; };
		01A9FF1029354764005C65F3 /* LaunchScreen.storyboard in Resources */ = {isa = PBXBuildFile; fileRef = 01A9FF0E29354764005C65F3 /* LaunchScreen.storyboard */; };
		2C842A22974F99EBD63335D3 /* Pods_TreatmentLog.framework in Frameworks */ = {isa = PBXBuildFile; fileRef = AD5355F3252D8042252531F0 /* Pods_TreatmentLog.framework */; };
/* End PBXBuildFile section */

/* Begin PBXFileReference section */
		011A4D1929390038005C2DFD /* SettingVC.swift */ = {isa = PBXFileReference; lastKnownFileType = sourcecode.swift; path = SettingVC.swift; sourceTree = "<group>"; };
		011A4D1A29390038005C2DFD /* SettingVC.xib */ = {isa = PBXFileReference; lastKnownFileType = file.xib; path = SettingVC.xib; sourceTree = "<group>"; };
		011A4D1E29390084005C2DFD /* InvoiceSettingVC.swift */ = {isa = PBXFileReference; lastKnownFileType = sourcecode.swift; path = InvoiceSettingVC.swift; sourceTree = "<group>"; };
		011A4D1F29390084005C2DFD /* InvoiceSettingVC.xib */ = {isa = PBXFileReference; lastKnownFileType = file.xib; path = InvoiceSettingVC.xib; sourceTree = "<group>"; };
		011A4D232939031F005C2DFD /* InvoiceVC.swift */ = {isa = PBXFileReference; lastKnownFileType = sourcecode.swift; path = InvoiceVC.swift; sourceTree = "<group>"; };
		011A4D242939031F005C2DFD /* InvoiceVC.xib */ = {isa = PBXFileReference; lastKnownFileType = file.xib; path = InvoiceVC.xib; sourceTree = "<group>"; };
		011A4D2829392631005C2DFD /* InvoiceTVC.swift */ = {isa = PBXFileReference; lastKnownFileType = sourcecode.swift; path = InvoiceTVC.swift; sourceTree = "<group>"; };
		011A4D2929392631005C2DFD /* InvoiceTVC.xib */ = {isa = PBXFileReference; lastKnownFileType = file.xib; path = InvoiceTVC.xib; sourceTree = "<group>"; };
		0120829E294D88920089746F /* DataManager.swift */ = {isa = PBXFileReference; lastKnownFileType = sourcecode.swift; path = DataManager.swift; sourceTree = "<group>"; };
		012082A0294D8EA20089746F /* TreatmentDB.xcdatamodel */ = {isa = PBXFileReference; lastKnownFileType = wrapper.xcdatamodel; path = TreatmentDB.xcdatamodel; sourceTree = "<group>"; };
		0124D70B2944C16800022A09 /* ToolTip.swift */ = {isa = PBXFileReference; lastKnownFileType = sourcecode.swift; path = ToolTip.swift; sourceTree = "<group>"; };
		0124D70D2944C1A000022A09 /* ToolTip.xib */ = {isa = PBXFileReference; lastKnownFileType = file.xib; path = ToolTip.xib; sourceTree = "<group>"; };
		0124D70F2944DB2800022A09 /* Extention.swift */ = {isa = PBXFileReference; lastKnownFileType = sourcecode.swift; path = Extention.swift; sourceTree = "<group>"; };
		0127519229434E4900A5C448 /* DropDownVC.swift */ = {isa = PBXFileReference; lastKnownFileType = sourcecode.swift; path = DropDownVC.swift; sourceTree = "<group>"; };
		0127519329434E4900A5C448 /* DropDownVC.xib */ = {isa = PBXFileReference; lastKnownFileType = file.xib; path = DropDownVC.xib; sourceTree = "<group>"; };
		0169D1282947A9B600093EB9 /* ToolTipTVC.swift */ = {isa = PBXFileReference; lastKnownFileType = sourcecode.swift; path = ToolTipTVC.swift; sourceTree = "<group>"; };
		0169D1292947A9B600093EB9 /* ToolTipTVC.xib */ = {isa = PBXFileReference; lastKnownFileType = file.xib; path = ToolTipTVC.xib; sourceTree = "<group>"; };
		01A9FF0029354762005C65F3 /* TreatmentLog.app */ = {isa = PBXFileReference; explicitFileType = wrapper.application; includeInIndex = 0; path = TreatmentLog.app; sourceTree = BUILT_PRODUCTS_DIR; };
		01A9FF0329354762005C65F3 /* AppDelegate.swift */ = {isa = PBXFileReference; lastKnownFileType = sourcecode.swift; path = AppDelegate.swift; sourceTree = "<group>"; };
		01A9FF0529354762005C65F3 /* SceneDelegate.swift */ = {isa = PBXFileReference; lastKnownFileType = sourcecode.swift; path = SceneDelegate.swift; sourceTree = "<group>"; };
		01A9FF0729354762005C65F3 /* ViewController.swift */ = {isa = PBXFileReference; lastKnownFileType = sourcecode.swift; path = ViewController.swift; sourceTree = "<group>"; };
		01A9FF0A29354762005C65F3 /* Base */ = {isa = PBXFileReference; lastKnownFileType = file.storyboard; name = Base; path = Base.lproj/Main.storyboard; sourceTree = "<group>"; };
		01A9FF0C29354764005C65F3 /* Assets.xcassets */ = {isa = PBXFileReference; lastKnownFileType = folder.assetcatalog; path = Assets.xcassets; sourceTree = "<group>"; };
		01A9FF0F29354764005C65F3 /* Base */ = {isa = PBXFileReference; lastKnownFileType = file.storyboard; name = Base; path = Base.lproj/LaunchScreen.storyboard; sourceTree = "<group>"; };
		01A9FF1129354764005C65F3 /* Info.plist */ = {isa = PBXFileReference; lastKnownFileType = text.plist.xml; path = Info.plist; sourceTree = "<group>"; };
		83AFAC97B199D2C90369D97C /* Pods-TreatmentLog.release.xcconfig */ = {isa = PBXFileReference; includeInIndex = 1; lastKnownFileType = text.xcconfig; name = "Pods-TreatmentLog.release.xcconfig"; path = "Target Support Files/Pods-TreatmentLog/Pods-TreatmentLog.release.xcconfig"; sourceTree = "<group>"; };
		AD5355F3252D8042252531F0 /* Pods_TreatmentLog.framework */ = {isa = PBXFileReference; explicitFileType = wrapper.framework; includeInIndex = 0; path = Pods_TreatmentLog.framework; sourceTree = BUILT_PRODUCTS_DIR; };
		D64CD11B8C9D9DEE78D3243A /* Pods-TreatmentLog.debug.xcconfig */ = {isa = PBXFileReference; includeInIndex = 1; lastKnownFileType = text.xcconfig; name = "Pods-TreatmentLog.debug.xcconfig"; path = "Target Support Files/Pods-TreatmentLog/Pods-TreatmentLog.debug.xcconfig"; sourceTree = "<group>"; };
/* End PBXFileReference section */

/* Begin PBXFrameworksBuildPhase section */
		01A9FEFD29354762005C65F3 /* Frameworks */ = {
			isa = PBXFrameworksBuildPhase;
			buildActionMask = 2147483647;
			files = (
				2C842A22974F99EBD63335D3 /* Pods_TreatmentLog.framework in Frameworks */,
			);
			runOnlyForDeploymentPostprocessing = 0;
		};
/* End PBXFrameworksBuildPhase section */

/* Begin PBXGroup section */
		011A4D182938FFED005C2DFD /* SettingVC */ = {
			isa = PBXGroup;
			children = (
				011A4D1929390038005C2DFD /* SettingVC.swift */,
				011A4D1A29390038005C2DFD /* SettingVC.xib */,
			);
			path = SettingVC;
			sourceTree = "<group>";
		};
		011A4D1D2939005D005C2DFD /* InvoiceSettingVC */ = {
			isa = PBXGroup;
			children = (
				011A4D1E29390084005C2DFD /* InvoiceSettingVC.swift */,
				011A4D1F29390084005C2DFD /* InvoiceSettingVC.xib */,
			);
			path = InvoiceSettingVC;
			sourceTree = "<group>";
		};
		011A4D222939030E005C2DFD /* InvoiceVC */ = {
			isa = PBXGroup;
			children = (
				011A4D232939031F005C2DFD /* InvoiceVC.swift */,
				011A4D242939031F005C2DFD /* InvoiceVC.xib */,
			);
			path = InvoiceVC;
			sourceTree = "<group>";
		};
		011A4D2729392608005C2DFD /* InvoiceTVC */ = {
			isa = PBXGroup;
			children = (
				011A4D2829392631005C2DFD /* InvoiceTVC.swift */,
				011A4D2929392631005C2DFD /* InvoiceTVC.xib */,
			);
			path = InvoiceTVC;
			sourceTree = "<group>";
		};
		0127519129434E1700A5C448 /* PickerView */ = {
			isa = PBXGroup;
			children = (
				0169D1272947A98C00093EB9 /* ToolTipTVC */,
				0127519229434E4900A5C448 /* DropDownVC.swift */,
				0127519329434E4900A5C448 /* DropDownVC.xib */,
				0124D70B2944C16800022A09 /* ToolTip.swift */,
				0124D70D2944C1A000022A09 /* ToolTip.xib */,
			);
			path = PickerView;
			sourceTree = "<group>";
		};
		012959EC2948E8240038B31A /* Database */ = {
			isa = PBXGroup;
			children = (
				012082A1294D8EA20089746F /* TreatmentDB.xcdatamodeld */,
			);
			path = Database;
			sourceTree = "<group>";
		};
		0169D1272947A98C00093EB9 /* ToolTipTVC */ = {
			isa = PBXGroup;
			children = (
				0169D1282947A9B600093EB9 /* ToolTipTVC.swift */,
				0169D1292947A9B600093EB9 /* ToolTipTVC.xib */,
			);
			path = ToolTipTVC;
			sourceTree = "<group>";
		};
		01A9FEF729354762005C65F3 = {
			isa = PBXGroup;
			children = (
				01A9FF0229354762005C65F3 /* TreatmentLog */,
				01A9FF0129354762005C65F3 /* Products */,
				CCCFD0DE4E1F85FD19666F67 /* Pods */,
				FA72F1FB86B0F970776A470B /* Frameworks */,
			);
			sourceTree = "<group>";
		};
		01A9FF0129354762005C65F3 /* Products */ = {
			isa = PBXGroup;
			children = (
				01A9FF0029354762005C65F3 /* TreatmentLog.app */,
			);
			name = Products;
			sourceTree = "<group>";
		};
		01A9FF0229354762005C65F3 /* TreatmentLog */ = {
			isa = PBXGroup;
			children = (
				012959EC2948E8240038B31A /* Database */,
				0127519129434E1700A5C448 /* PickerView */,
				011A4D2729392608005C2DFD /* InvoiceTVC */,
				011A4D222939030E005C2DFD /* InvoiceVC */,
				011A4D1D2939005D005C2DFD /* InvoiceSettingVC */,
				011A4D182938FFED005C2DFD /* SettingVC */,
				01A9FF0329354762005C65F3 /* AppDelegate.swift */,
				01A9FF0529354762005C65F3 /* SceneDelegate.swift */,
				01A9FF0729354762005C65F3 /* ViewController.swift */,
				01A9FF0929354762005C65F3 /* Main.storyboard */,
				01A9FF0C29354764005C65F3 /* Assets.xcassets */,
				01A9FF0E29354764005C65F3 /* LaunchScreen.storyboard */,
				01A9FF1129354764005C65F3 /* Info.plist */,
				0124D70F2944DB2800022A09 /* Extention.swift */,
				0120829E294D88920089746F /* DataManager.swift */,
			);
			path = TreatmentLog;
			sourceTree = "<group>";
		};
		CCCFD0DE4E1F85FD19666F67 /* Pods */ = {
			isa = PBXGroup;
			children = (
				D64CD11B8C9D9DEE78D3243A /* Pods-TreatmentLog.debug.xcconfig */,
				83AFAC97B199D2C90369D97C /* Pods-TreatmentLog.release.xcconfig */,
			);
			path = Pods;
			sourceTree = "<group>";
		};
		FA72F1FB86B0F970776A470B /* Frameworks */ = {
			isa = PBXGroup;
			children = (
				AD5355F3252D8042252531F0 /* Pods_TreatmentLog.framework */,
			);
			name = Frameworks;
			sourceTree = "<group>";
		};
/* End PBXGroup section */

/* Begin PBXNativeTarget section */
		01A9FEFF29354762005C65F3 /* TreatmentLog */ = {
			isa = PBXNativeTarget;
			buildConfigurationList = 01A9FF1429354764005C65F3 /* Build configuration list for PBXNativeTarget "TreatmentLog" */;
			buildPhases = (
				6682C7F876374C67860B06FE /* [CP] Check Pods Manifest.lock */,
				01A9FEFC29354762005C65F3 /* Sources */,
				01A9FEFD29354762005C65F3 /* Frameworks */,
				01A9FEFE29354762005C65F3 /* Resources */,
				4D1ED06EC5527B89E1C0654E /* [CP] Embed Pods Frameworks */,
			);
			buildRules = (
			);
			dependencies = (
			);
			name = TreatmentLog;
			productName = TreatmentLog;
			productReference = 01A9FF0029354762005C65F3 /* TreatmentLog.app */;
			productType = "com.apple.product-type.application";
		};
/* End PBXNativeTarget section */

/* Begin PBXProject section */
		01A9FEF829354762005C65F3 /* Project object */ = {
			isa = PBXProject;
			attributes = {
				BuildIndependentTargetsInParallel = 1;
				LastSwiftUpdateCheck = 1410;
				LastUpgradeCheck = 1410;
				TargetAttributes = {
					01A9FEFF29354762005C65F3 = {
						CreatedOnToolsVersion = 14.1;
					};
				};
			};
			buildConfigurationList = 01A9FEFB29354762005C65F3 /* Build configuration list for PBXProject "TreatmentLog" */;
			compatibilityVersion = "Xcode 13.0";
			developmentRegion = en;
			hasScannedForEncodings = 0;
			knownRegions = (
				en,
				Base,
			);
			mainGroup = 01A9FEF729354762005C65F3;
			productRefGroup = 01A9FF0129354762005C65F3 /* Products */;
			projectDirPath = "";
			projectRoot = "";
			targets = (
				01A9FEFF29354762005C65F3 /* TreatmentLog */,
			);
		};
/* End PBXProject section */

/* Begin PBXResourcesBuildPhase section */
		01A9FEFE29354762005C65F3 /* Resources */ = {
			isa = PBXResourcesBuildPhase;
			buildActionMask = 2147483647;
			files = (
				01A9FF1029354764005C65F3 /* LaunchScreen.storyboard in Resources */,
				0124D70E2944C1A000022A09 /* ToolTip.xib in Resources */,
				011A4D1C29390038005C2DFD /* SettingVC.xib in Resources */,
				01A9FF0D29354764005C65F3 /* Assets.xcassets in Resources */,
				011A4D2B29392631005C2DFD /* InvoiceTVC.xib in Resources */,
				011A4D2129390084005C2DFD /* InvoiceSettingVC.xib in Resources */,
				0127519529434E4900A5C448 /* DropDownVC.xib in Resources */,
				0169D12B2947A9B600093EB9 /* ToolTipTVC.xib in Resources */,
				012082A6294DC04A0089746F /* TreatmentDB.xcdatamodeld in Resources */,
				011A4D262939031F005C2DFD /* InvoiceVC.xib in Resources */,
				01A9FF0B29354762005C65F3 /* Main.storyboard in Resources */,
			);
			runOnlyForDeploymentPostprocessing = 0;
		};
/* End PBXResourcesBuildPhase section */

/* Begin PBXShellScriptBuildPhase section */
		4D1ED06EC5527B89E1C0654E /* [CP] Embed Pods Frameworks */ = {
			isa = PBXShellScriptBuildPhase;
			buildActionMask = 2147483647;
			files = (
			);
			inputFileListPaths = (
				"${PODS_ROOT}/Target Support Files/Pods-TreatmentLog/Pods-TreatmentLog-frameworks-${CONFIGURATION}-input-files.xcfilelist",
			);
			name = "[CP] Embed Pods Frameworks";
			outputFileListPaths = (
				"${PODS_ROOT}/Target Support Files/Pods-TreatmentLog/Pods-TreatmentLog-frameworks-${CONFIGURATION}-output-files.xcfilelist",
			);
			runOnlyForDeploymentPostprocessing = 0;
			shellPath = /bin/sh;
			shellScript = "\"${PODS_ROOT}/Target Support Files/Pods-TreatmentLog/Pods-TreatmentLog-frameworks.sh\"\n";
			showEnvVarsInLog = 0;
		};
		6682C7F876374C67860B06FE /* [CP] Check Pods Manifest.lock */ = {
			isa = PBXShellScriptBuildPhase;
			buildActionMask = 2147483647;
			files = (
			);
			inputFileListPaths = (
			);
			inputPaths = (
				"${PODS_PODFILE_DIR_PATH}/Podfile.lock",
				"${PODS_ROOT}/Manifest.lock",
			);
			name = "[CP] Check Pods Manifest.lock";
			outputFileListPaths = (
			);
			outputPaths = (
				"$(DERIVED_FILE_DIR)/Pods-TreatmentLog-checkManifestLockResult.txt",
			);
			runOnlyForDeploymentPostprocessing = 0;
			shellPath = /bin/sh;
			shellScript = "diff \"${PODS_PODFILE_DIR_PATH}/Podfile.lock\" \"${PODS_ROOT}/Manifest.lock\" > /dev/null\nif [ $? != 0 ] ; then\n    # print error to STDERR\n    echo \"error: The sandbox is not in sync with the Podfile.lock. Run 'pod install' or update your CocoaPods installation.\" >&2\n    exit 1\nfi\n# This output is used by Xcode 'outputs' to avoid re-running this script phase.\necho \"SUCCESS\" > \"${SCRIPT_OUTPUT_FILE_0}\"\n";
			showEnvVarsInLog = 0;
		};
/* End PBXShellScriptBuildPhase section */

/* Begin PBXSourcesBuildPhase section */
		01A9FEFC29354762005C65F3 /* Sources */ = {
			isa = PBXSourcesBuildPhase;
			buildActionMask = 2147483647;
			files = (
				0124D70C2944C16800022A09 /* ToolTip.swift in Sources */,
				0120829F294D88920089746F /* DataManager.swift in Sources */,
				01A9FF0829354762005C65F3 /* ViewController.swift in Sources */,
				0169D12A2947A9B600093EB9 /* ToolTipTVC.swift in Sources */,
				0127519429434E4900A5C448 /* DropDownVC.swift in Sources */,
				011A4D1B29390038005C2DFD /* SettingVC.swift in Sources */,
				0124D7102944DB2800022A09 /* Extention.swift in Sources */,
				011A4D2A29392631005C2DFD /* InvoiceTVC.swift in Sources */,
				011A4D252939031F005C2DFD /* InvoiceVC.swift in Sources */,
				011A4D2029390084005C2DFD /* InvoiceSettingVC.swift in Sources */,
				01A9FF0429354762005C65F3 /* AppDelegate.swift in Sources */,
				01A9FF0629354762005C65F3 /* SceneDelegate.swift in Sources */,
			);
			runOnlyForDeploymentPostprocessing = 0;
		};
/* End PBXSourcesBuildPhase section */

/* Begin PBXVariantGroup section */
		01A9FF0929354762005C65F3 /* Main.storyboard */ = {
			isa = PBXVariantGroup;
			children = (
				01A9FF0A29354762005C65F3 /* Base */,
			);
			name = Main.storyboard;
			sourceTree = "<group>";
		};
		01A9FF0E29354764005C65F3 /* LaunchScreen.storyboard */ = {
			isa = PBXVariantGroup;
			children = (
				01A9FF0F29354764005C65F3 /* Base */,
			);
			name = LaunchScreen.storyboard;
			sourceTree = "<group>";
		};
/* End PBXVariantGroup section */

/* Begin XCBuildConfiguration section */
		01A9FF1229354764005C65F3 /* Debug */ = {
			isa = XCBuildConfiguration;
			buildSettings = {
				ALWAYS_SEARCH_USER_PATHS = NO;
				CLANG_ANALYZER_NONNULL = YES;
				CLANG_ANALYZER_NUMBER_OBJECT_CONVERSION = YES_AGGRESSIVE;
				CLANG_CXX_LANGUAGE_STANDARD = "gnu++20";
				CLANG_ENABLE_MODULES = YES;
				CLANG_ENABLE_OBJC_ARC = YES;
				CLANG_ENABLE_OBJC_WEAK = YES;
				CLANG_WARN_BLOCK_CAPTURE_AUTORELEASING = YES;
				CLANG_WARN_BOOL_CONVERSION = YES;
				CLANG_WARN_COMMA = YES;
				CLANG_WARN_CONSTANT_CONVERSION = YES;
				CLANG_WARN_DEPRECATED_OBJC_IMPLEMENTATIONS = YES;
				CLANG_WARN_DIRECT_OBJC_ISA_USAGE = YES_ERROR;
				CLANG_WARN_DOCUMENTATION_COMMENTS = YES;
				CLANG_WARN_EMPTY_BODY = YES;
				CLANG_WARN_ENUM_CONVERSION = YES;
				CLANG_WARN_INFINITE_RECURSION = YES;
				CLANG_WARN_INT_CONVERSION = YES;
				CLANG_WARN_NON_LITERAL_NULL_CONVERSION = YES;
				CLANG_WARN_OBJC_IMPLICIT_RETAIN_SELF = YES;
				CLANG_WARN_OBJC_LITERAL_CONVERSION = YES;
				CLANG_WARN_OBJC_ROOT_CLASS = YES_ERROR;
				CLANG_WARN_QUOTED_INCLUDE_IN_FRAMEWORK_HEADER = YES;
				CLANG_WARN_RANGE_LOOP_ANALYSIS = YES;
				CLANG_WARN_STRICT_PROTOTYPES = YES;
				CLANG_WARN_SUSPICIOUS_MOVE = YES;
				CLANG_WARN_UNGUARDED_AVAILABILITY = YES_AGGRESSIVE;
				CLANG_WARN_UNREACHABLE_CODE = YES;
				CLANG_WARN__DUPLICATE_METHOD_MATCH = YES;
				COPY_PHASE_STRIP = NO;
				DEBUG_INFORMATION_FORMAT = dwarf;
				ENABLE_STRICT_OBJC_MSGSEND = YES;
				ENABLE_TESTABILITY = YES;
				GCC_C_LANGUAGE_STANDARD = gnu11;
				GCC_DYNAMIC_NO_PIC = NO;
				GCC_NO_COMMON_BLOCKS = YES;
				GCC_OPTIMIZATION_LEVEL = 0;
				GCC_PREPROCESSOR_DEFINITIONS = (
					"DEBUG=1",
					"$(inherited)",
				);
				GCC_WARN_64_TO_32_BIT_CONVERSION = YES;
				GCC_WARN_ABOUT_RETURN_TYPE = YES_ERROR;
				GCC_WARN_UNDECLARED_SELECTOR = YES;
				GCC_WARN_UNINITIALIZED_AUTOS = YES_AGGRESSIVE;
				GCC_WARN_UNUSED_FUNCTION = YES;
				GCC_WARN_UNUSED_VARIABLE = YES;
				IPHONEOS_DEPLOYMENT_TARGET = 14.0;
				MTL_ENABLE_DEBUG_INFO = INCLUDE_SOURCE;
				MTL_FAST_MATH = YES;
				ONLY_ACTIVE_ARCH = YES;
				SDKROOT = iphoneos;
				SWIFT_ACTIVE_COMPILATION_CONDITIONS = DEBUG;
				SWIFT_OPTIMIZATION_LEVEL = "-Onone";
			};
			name = Debug;
		};
		01A9FF1329354764005C65F3 /* Release */ = {
			isa = XCBuildConfiguration;
			buildSettings = {
				ALWAYS_SEARCH_USER_PATHS = NO;
				CLANG_ANALYZER_NONNULL = YES;
				CLANG_ANALYZER_NUMBER_OBJECT_CONVERSION = YES_AGGRESSIVE;
				CLANG_CXX_LANGUAGE_STANDARD = "gnu++20";
				CLANG_ENABLE_MODULES = YES;
				CLANG_ENABLE_OBJC_ARC = YES;
				CLANG_ENABLE_OBJC_WEAK = YES;
				CLANG_WARN_BLOCK_CAPTURE_AUTORELEASING = YES;
				CLANG_WARN_BOOL_CONVERSION = YES;
				CLANG_WARN_COMMA = YES;
				CLANG_WARN_CONSTANT_CONVERSION = YES;
				CLANG_WARN_DEPRECATED_OBJC_IMPLEMENTATIONS = YES;
				CLANG_WARN_DIRECT_OBJC_ISA_USAGE = YES_ERROR;
				CLANG_WARN_DOCUMENTATION_COMMENTS = YES;
				CLANG_WARN_EMPTY_BODY = YES;
				CLANG_WARN_ENUM_CONVERSION = YES;
				CLANG_WARN_INFINITE_RECURSION = YES;
				CLANG_WARN_INT_CONVERSION = YES;
				CLANG_WARN_NON_LITERAL_NULL_CONVERSION = YES;
				CLANG_WARN_OBJC_IMPLICIT_RETAIN_SELF = YES;
				CLANG_WARN_OBJC_LITERAL_CONVERSION = YES;
				CLANG_WARN_OBJC_ROOT_CLASS = YES_ERROR;
				CLANG_WARN_QUOTED_INCLUDE_IN_FRAMEWORK_HEADER = YES;
				CLANG_WARN_RANGE_LOOP_ANALYSIS = YES;
				CLANG_WARN_STRICT_PROTOTYPES = YES;
				CLANG_WARN_SUSPICIOUS_MOVE = YES;
				CLANG_WARN_UNGUARDED_AVAILABILITY = YES_AGGRESSIVE;
				CLANG_WARN_UNREACHABLE_CODE = YES;
				CLANG_WARN__DUPLICATE_METHOD_MATCH = YES;
				COPY_PHASE_STRIP = NO;
				DEBUG_INFORMATION_FORMAT = "dwarf-with-dsym";
				ENABLE_NS_ASSERTIONS = NO;
				ENABLE_STRICT_OBJC_MSGSEND = YES;
				GCC_C_LANGUAGE_STANDARD = gnu11;
				GCC_NO_COMMON_BLOCKS = YES;
				GCC_WARN_64_TO_32_BIT_CONVERSION = YES;
				GCC_WARN_ABOUT_RETURN_TYPE = YES_ERROR;
				GCC_WARN_UNDECLARED_SELECTOR = YES;
				GCC_WARN_UNINITIALIZED_AUTOS = YES_AGGRESSIVE;
				GCC_WARN_UNUSED_FUNCTION = YES;
				GCC_WARN_UNUSED_VARIABLE = YES;
				IPHONEOS_DEPLOYMENT_TARGET = 14.0;
				MTL_ENABLE_DEBUG_INFO = NO;
				MTL_FAST_MATH = YES;
				SDKROOT = iphoneos;
				SWIFT_COMPILATION_MODE = wholemodule;
				SWIFT_OPTIMIZATION_LEVEL = "-O";
				VALIDATE_PRODUCT = YES;
			};
			name = Release;
		};
		01A9FF1529354764005C65F3 /* Debug */ = {
			isa = XCBuildConfiguration;
			baseConfigurationReference = D64CD11B8C9D9DEE78D3243A /* Pods-TreatmentLog.debug.xcconfig */;
			buildSettings = {
				ASSETCATALOG_COMPILER_APPICON_NAME = AppIcon;
				ASSETCATALOG_COMPILER_GLOBAL_ACCENT_COLOR_NAME = AccentColor;
				CODE_SIGN_STYLE = Automatic;
				CURRENT_PROJECT_VERSION = 1;
				DEVELOPMENT_TEAM = 3PAY69SB2S;
				GENERATE_INFOPLIST_FILE = YES;
				INFOPLIST_FILE = TreatmentLog/Info.plist;
				INFOPLIST_KEY_UIApplicationSupportsIndirectInputEvents = YES;
				INFOPLIST_KEY_UILaunchStoryboardName = LaunchScreen;
				INFOPLIST_KEY_UIMainStoryboardFile = Main;
				INFOPLIST_KEY_UISupportedInterfaceOrientations = "UIInterfaceOrientationLandscapeLeft UIInterfaceOrientationLandscapeRight UIInterfaceOrientationPortrait";
				INFOPLIST_KEY_UISupportedInterfaceOrientations_iPad = "UIInterfaceOrientationLandscapeLeft UIInterfaceOrientationLandscapeRight";
				IPHONEOS_DEPLOYMENT_TARGET = 13.0;
				LD_RUNPATH_SEARCH_PATHS = (
					"$(inherited)",
					"@executable_path/Frameworks",
				);
				MARKETING_VERSION = 1.0;
				PRODUCT_BUNDLE_IDENTIFIER = U2.TreatmentLog;
				PRODUCT_NAME = "$(TARGET_NAME)";
				SUPPORTED_PLATFORMS = "iphoneos iphonesimulator";
				SUPPORTS_MACCATALYST = NO;
				SUPPORTS_MAC_DESIGNED_FOR_IPHONE_IPAD = YES;
				SWIFT_EMIT_LOC_STRINGS = YES;
				SWIFT_VERSION = 5.0;
				TARGETED_DEVICE_FAMILY = 2;
			};
			name = Debug;
		};
		01A9FF1629354764005C65F3 /* Release */ = {
			isa = XCBuildConfiguration;
			baseConfigurationReference = 83AFAC97B199D2C90369D97C /* Pods-TreatmentLog.release.xcconfig */;
			buildSettings = {
				ASSETCATALOG_COMPILER_APPICON_NAME = AppIcon;
				ASSETCATALOG_COMPILER_GLOBAL_ACCENT_COLOR_NAME = AccentColor;
				CODE_SIGN_STYLE = Automatic;
				CURRENT_PROJECT_VERSION = 1;
				DEVELOPMENT_TEAM = 3PAY69SB2S;
				GENERATE_INFOPLIST_FILE = YES;
				INFOPLIST_FILE = TreatmentLog/Info.plist;
				INFOPLIST_KEY_UIApplicationSupportsIndirectInputEvents = YES;
				INFOPLIST_KEY_UILaunchStoryboardName = LaunchScreen;
				INFOPLIST_KEY_UIMainStoryboardFile = Main;
				INFOPLIST_KEY_UISupportedInterfaceOrientations = "UIInterfaceOrientationLandscapeLeft UIInterfaceOrientationLandscapeRight UIInterfaceOrientationPortrait";
				INFOPLIST_KEY_UISupportedInterfaceOrientations_iPad = "UIInterfaceOrientationLandscapeLeft UIInterfaceOrientationLandscapeRight";
				IPHONEOS_DEPLOYMENT_TARGET = 13.0;
				LD_RUNPATH_SEARCH_PATHS = (
					"$(inherited)",
					"@executable_path/Frameworks",
				);
				MARKETING_VERSION = 1.0;
				PRODUCT_BUNDLE_IDENTIFIER = U2.TreatmentLog;
				PRODUCT_NAME = "$(TARGET_NAME)";
				SUPPORTED_PLATFORMS = "iphoneos iphonesimulator";
				SUPPORTS_MACCATALYST = NO;
				SUPPORTS_MAC_DESIGNED_FOR_IPHONE_IPAD = YES;
				SWIFT_EMIT_LOC_STRINGS = YES;
				SWIFT_VERSION = 5.0;
				TARGETED_DEVICE_FAMILY = 2;
			};
			name = Release;
		};
/* End XCBuildConfiguration section */

/* Begin XCConfigurationList section */
		01A9FEFB29354762005C65F3 /* Build configuration list for PBXProject "TreatmentLog" */ = {
			isa = XCConfigurationList;
			buildConfigurations = (
				01A9FF1229354764005C65F3 /* Debug */,
				01A9FF1329354764005C65F3 /* Release */,
			);
			defaultConfigurationIsVisible = 0;
			defaultConfigurationName = Release;
		};
		01A9FF1429354764005C65F3 /* Build configuration list for PBXNativeTarget "TreatmentLog" */ = {
			isa = XCConfigurationList;
			buildConfigurations = (
				01A9FF1529354764005C65F3 /* Debug */,
				01A9FF1629354764005C65F3 /* Release */,
			);
			defaultConfigurationIsVisible = 0;
			defaultConfigurationName = Release;
		};
/* End XCConfigurationList section */

/* Begin XCVersionGroup section */
		012082A1294D8EA20089746F /* TreatmentDB.xcdatamodeld */ = {
			isa = XCVersionGroup;
			children = (
				012082A0294D8EA20089746F /* TreatmentDB.xcdatamodel */,
			);
			currentVersion = 012082A0294D8EA20089746F /* TreatmentDB.xcdatamodel */;
			path = TreatmentDB.xcdatamodeld;
			sourceTree = "<group>";
		};
/* End XCVersionGroup section */
	};
	rootObject = 01A9FEF829354762005C65F3 /* Project object */;
}
